{
  "name": "nostrapps-play",
  "version": "0.0.4",
  "lockfileVersion": 3,
  "requires": true,
  "packages": {
    "": {
      "name": "nostrapps-play",
      "version": "0.0.4",
      "license": "MIT",
      "dependencies": {
        "htm": "^3.1.1",
        "navbar-login": "^0.0.7",
        "nostr-components-sidebar": "^0.0.4"
      }
    },
    "node_modules/htm": {
      "version": "3.1.1",
      "resolved": "https://registry.npmjs.org/htm/-/htm-3.1.1.tgz",
      "integrity": "sha512-983Vyg8NwUE7JkZ6NmOqpCZ+sh1bKv2iYTlUkzlWmA5JD2acKoxd4KVxbMmxX/85mtfdnDmTFoNKcg5DGAvxNQ=="
    },
    "node_modules/navbar-login": {
      "version": "0.0.7",
      "resolved": "https://registry.npmjs.org/navbar-login/-/navbar-login-0.0.7.tgz",
      "integrity": "sha512-rail5LvUIxhS6cCmEGsLWNl7z4N+oqvqqPkAZXHNPCVbBiIX4j1p8y8+UOnKuV7khb4p5oT9N6qug9Nqyrbhwg=="
    },
    "node_modules/nostr-components-sidebar": {
      "version": "0.0.4",
      "resolved": "https://registry.npmjs.org/nostr-components-sidebar/-/nostr-components-sidebar-0.0.4.tgz",
      "integrity": "sha512-7u1JWw/ZvuINkOxVWAiPiJ1xL5UKF2hiS49oUED59eBszSVPXJrQecilCo1Cnu6+GSTTQl78fluubrXcfRkQNA==",
      "dependencies": {
        "htm": "^3.1.1"
      }
    }
  }
}
